{
  "lockVersion": 1,
  "packages": {
    "@kama/tls": { "source": "registry", "url": "https://registry.kama-lang.org/@kama/tls/0.1.1.tar.gz", "registry": "https://registry.kama-lang.org", "version": "0.1.1", "integrity": "sha256-77d90e149c1c575b9150eedd885837db27ba436308305e50532b1f7795fd4a28", "treeHash": "sha256-6ae82062a1590bc5898196d900d045a92d904dcb45d5fa5031b2d4046b00732c", "dependencies": [] }
  }
}
